# This file is automatically @generated by Cargo.
# It is not intended for manual editing.
version = 4

[[package]]
name = "nsbu-benchmarks"
version = "0.1.0-alpha.0"

[[package]]
name = "nsbu-cli"
version = "0.1.0-alpha.0"
dependencies = [
 "nsbu-solver",
]

[[package]]
name = "nsbu-solver"
version = "0.1.0-alpha.0"
