# This file is automatically @generated by Cargo.
# It is not intended for manual editing.
version = 4

[[package]]
name = "autocfg"
version = "1.5.1"
source = "registry+https://github.com/rust-lang/crates.io-index"
checksum = "f2032f911046de80f0a198e0901378627c33f59ea0ac00e363d481118bd70a53"

[[package]]
name = "nsbu-benchmarks"
version = "0.1.0-alpha.0"
dependencies = [
 "nsbu-solver",
 "stats_alloc",
]

[[package]]
name = "nsbu-cli"
version = "0.1.0-alpha.0"
dependencies = [
 "nsbu-solver",
]

[[package]]
name = "nsbu-solver"
version = "0.1.0-alpha.0"
dependencies = [
 "num-complex",
 "stats_alloc",
]

[[package]]
name = "num-complex"
version = "0.4.6"
source = "registry+https://github.com/rust-lang/crates.io-index"
checksum = "73f88a1307638156682bada9d7604135552957b7818057dcef22705b4d509495"
dependencies = [
 "num-traits",
]

[[package]]
name = "num-traits"
version = "0.2.19"
source = "registry+https://github.com/rust-lang/crates.io-index"
checksum = "071dfc062690e90b734c0b2273ce72ad0ffa95f0c74596bc250dcfd960262841"
dependencies = [
 "autocfg",
]

[[package]]
name = "stats_alloc"
version = "0.1.10"
source = "registry+https://github.com/rust-lang/crates.io-index"
checksum = "5c0e04424e733e69714ca1bbb9204c1a57f09f5493439520f9f68c132ad25eec"
